// !$*UTF8*$!
{
	archiveVersion = 1;
	classes = {
	};
	objectVersion = 56;
	objects = {

/* Begin PBXBuildFile section */
		100000000000000000000001 /* DroppyApp.swift in Sources */ = {isa = PBXBuildFile; fileRef = 200000000000000000000001 /* DroppyApp.swift */; };
		100000000000000000000002 /* AppDelegate.swift in Sources */ = {isa = PBXBuildFile; fileRef = 200000000000000000000002 /* AppDelegate.swift */; };
		100000000000000000000004 /* OnboardingWindowController.swift in Sources */ = {isa = PBXBuildFile; fileRef = 200000000000000000000004 /* OnboardingWindowController.swift */; };
		100000000000000000000006 /* PermissionsManager.swift in Sources */ = {isa = PBXBuildFile; fileRef = 200000000000000000000006 /* PermissionsManager.swift */; };
		100000000000000000000008 /* Settings.swift in Sources */ = {isa = PBXBuildFile; fileRef = 200000000000000000000008 /* Settings.swift */; };
		10000000000000000000000B /* ClipboardStripFeature.swift in Sources */ = {isa = PBXBuildFile; fileRef = 20000000000000000000000B /* ClipboardStripFeature.swift */; };
		100000000000000000000010 /* DroppyTests.swift in Sources */ = {isa = PBXBuildFile; fileRef = 200000000000000000000010 /* DroppyTests.swift */; };
		100000000000000000000011 /* StatusItemController.swift in Sources */ = {isa = PBXBuildFile; fileRef = 200000000000000000000014 /* StatusItemController.swift */; };
		100000000000000000000012 /* OverlayPanelController.swift in Sources */ = {isa = PBXBuildFile; fileRef = 200000000000000000000015 /* OverlayPanelController.swift */; };
		100000000000000000000013 /* OverlayRootView.swift in Sources */ = {isa = PBXBuildFile; fileRef = 200000000000000000000016 /* OverlayRootView.swift */; };
		100000000000000000000014 /* PanelGeometry.swift in Sources */ = {isa = PBXBuildFile; fileRef = 200000000000000000000017 /* PanelGeometry.swift */; };
		100000000000000000000015 /* DropZoneGeometry.swift in Sources */ = {isa = PBXBuildFile; fileRef = 200000000000000000000018 /* DropZoneGeometry.swift */; };
		100000000000000000000016 /* ShelfFeature.swift in Sources */ = {isa = PBXBuildFile; fileRef = 200000000000000000000019 /* ShelfFeature.swift */; };
		100000000000000000000017 /* DropZoneCoordinator.swift in Sources */ = {isa = PBXBuildFile; fileRef = 20000000000000000000001A /* DropZoneCoordinator.swift */; };
		100000000000000000000018 /* ClipboardModels.swift in Sources */ = {isa = PBXBuildFile; fileRef = 20000000000000000000001B /* ClipboardModels.swift */; };
		100000000000000000000019 /* ClipboardSecurity.swift in Sources */ = {isa = PBXBuildFile; fileRef = 20000000000000000000001C /* ClipboardSecurity.swift */; };
		10000000000000000000001A /* ClipboardRepository.swift in Sources */ = {isa = PBXBuildFile; fileRef = 20000000000000000000001D /* ClipboardRepository.swift */; };
		10000000000000000000001B /* ClipboardCapture.swift in Sources */ = {isa = PBXBuildFile; fileRef = 20000000000000000000001E /* ClipboardCapture.swift */; };
		10000000000000000000001C /* ScreenshotMonitor.swift in Sources */ = {isa = PBXBuildFile; fileRef = 20000000000000000000001F /* ScreenshotMonitor.swift */; };
		10000000000000000000001D /* ClipboardOCRService.swift in Sources */ = {isa = PBXBuildFile; fileRef = 200000000000000000000020 /* ClipboardOCRService.swift */; };
		10000000000000000000001E /* ClipboardView.swift in Sources */ = {isa = PBXBuildFile; fileRef = 200000000000000000000021 /* ClipboardView.swift */; };
		10000000000000000000001F /* ScreenshotNotificationCoordinator.swift in Sources */ = {isa = PBXBuildFile; fileRef = 200000000000000000000022 /* ScreenshotNotificationCoordinator.swift */; };
		100000000000000000000020 /* SnippetModels.swift in Sources */ = {isa = PBXBuildFile; fileRef = 200000000000000000000023 /* SnippetModels.swift */; };
		100000000000000000000021 /* SnippetEditor.swift in Sources */ = {isa = PBXBuildFile; fileRef = 200000000000000000000024 /* SnippetEditor.swift */; };
		100000000000000000000022 /* SnippetCaptureCoordinator.swift in Sources */ = {isa = PBXBuildFile; fileRef = 200000000000000000000025 /* SnippetCaptureCoordinator.swift */; };
		100000000000000000000023 /* FileFinderFeature.swift in Sources */ = {isa = PBXBuildFile; fileRef = 200000000000000000000026 /* FileFinderFeature.swift */; };
		100000000000000000000024 /* NotesFeature.swift in Sources */ = {isa = PBXBuildFile; fileRef = 200000000000000000000027 /* NotesFeature.swift */; };
		100000000000000000000025 /* TerminalFeature.swift in Sources */ = {isa = PBXBuildFile; fileRef = 200000000000000000000028 /* TerminalFeature.swift */; };
		100000000000000000000026 /* UnifiedSearchFeature.swift in Sources */ = {isa = PBXBuildFile; fileRef = 200000000000000000000029 /* UnifiedSearchFeature.swift */; };
		100000000000000000000027 /* SwiftTerm in Frameworks */ = {isa = PBXBuildFile; productRef = A000000000000000000000002 /* SwiftTerm */; };
		100000000000000000000028 /* MediaFeature.swift in Sources */ = {isa = PBXBuildFile; fileRef = 20000000000000000000002A /* MediaFeature.swift */; };
		100000000000000000000029 /* MediaView.swift in Sources */ = {isa = PBXBuildFile; fileRef = 20000000000000000000002B /* MediaView.swift */; };
		10000000000000000000002A /* CodexModels.swift in Sources */ = {isa = PBXBuildFile; fileRef = 20000000000000000000002C /* CodexModels.swift */; };
		10000000000000000000002B /* CodexAppServerClient.swift in Sources */ = {isa = PBXBuildFile; fileRef = 20000000000000000000002D /* CodexAppServerClient.swift */; };
		10000000000000000000002C /* CodexFeature.swift in Sources */ = {isa = PBXBuildFile; fileRef = 20000000000000000000002E /* CodexFeature.swift */; };
		10000000000000000000002D /* CodexView.swift in Sources */ = {isa = PBXBuildFile; fileRef = 20000000000000000000002F /* CodexView.swift */; };
		10000000000000000000002E /* NotionConnectorFeature.swift in Sources */ = {isa = PBXBuildFile; fileRef = 200000000000000000000030 /* NotionConnectorFeature.swift */; };
		10000000000000000000002F /* CommandModeModels.swift in Sources */ = {isa = PBXBuildFile; fileRef = 200000000000000000000031 /* CommandModeModels.swift */; };
		100000000000000000000030 /* CommandModeFeature.swift in Sources */ = {isa = PBXBuildFile; fileRef = 200000000000000000000032 /* CommandModeFeature.swift */; };
		100000000000000000000031 /* CommandModeView.swift in Sources */ = {isa = PBXBuildFile; fileRef = 200000000000000000000033 /* CommandModeView.swift */; };
		100000000000000000000032 /* CommandModePanelController.swift in Sources */ = {isa = PBXBuildFile; fileRef = 200000000000000000000034 /* CommandModePanelController.swift */; };
		100000000000000000000033 /* GlobalHotKeyController.swift in Sources */ = {isa = PBXBuildFile; fileRef = 200000000000000000000035 /* GlobalHotKeyController.swift */; };
		100000000000000000000034 /* CommandVoiceInput.swift in Sources */ = {isa = PBXBuildFile; fileRef = 200000000000000000000036 /* CommandVoiceInput.swift */; };
		100000000000000000000035 /* ConversationalVoiceModels.swift in Sources */ = {isa = PBXBuildFile; fileRef = 200000000000000000000037 /* ConversationalVoiceModels.swift */; };
		100000000000000000000036 /* CodexSpeechOutput.swift in Sources */ = {isa = PBXBuildFile; fileRef = 200000000000000000000038 /* CodexSpeechOutput.swift */; };
		100000000000000000000037 /* ConversationalVoiceFeature.swift in Sources */ = {isa = PBXBuildFile; fileRef = 200000000000000000000039 /* ConversationalVoiceFeature.swift */; };
		B10000000000000000000001 /* planner-owl.png in Resources */ = {isa = PBXBuildFile; fileRef = B20000000000000000000001 /* planner-owl.png */; };
		B10000000000000000000002 /* builder-a-beaver.png in Resources */ = {isa = PBXBuildFile; fileRef = B20000000000000000000002 /* builder-a-beaver.png */; };
		B10000000000000000000003 /* builder-b-fox.png in Resources */ = {isa = PBXBuildFile; fileRef = B20000000000000000000003 /* builder-b-fox.png */; };
		B10000000000000000000004 /* reviewer-cat.png in Resources */ = {isa = PBXBuildFile; fileRef = B20000000000000000000004 /* reviewer-cat.png */; };
		B10000000000000000000005 /* mission-control-core.png in Resources */ = {isa = PBXBuildFile; fileRef = B20000000000000000000005 /* mission-control-core.png */; };
/* End PBXBuildFile section */

/* Begin PBXContainerItemProxy section */
		300000000000000000000001 /* PBXContainerItemProxy */ = {
			isa = PBXContainerItemProxy;
			containerPortal = 400000000000000000000001 /* Project object */;
			proxyType = 1;
			remoteGlobalIDString = 500000000000000000000001;
			remoteInfo = Droppy;
		};
/* End PBXContainerItemProxy section */

/* Begin PBXFileReference section */
		0DFE01F7302EDBB5007B38E8 /* Droppy.entitlements */ = {isa = PBXFileReference; lastKnownFileType = text.plist.entitlements; path = Droppy.entitlements; sourceTree = "<group>"; };
		200000000000000000000001 /* DroppyApp.swift */ = {isa = PBXFileReference; lastKnownFileType = sourcecode.swift; path = DroppyApp.swift; sourceTree = "<group>"; };
		200000000000000000000002 /* AppDelegate.swift */ = {isa = PBXFileReference; lastKnownFileType = sourcecode.swift; path = AppDelegate.swift; sourceTree = "<group>"; };
		200000000000000000000004 /* OnboardingWindowController.swift */ = {isa = PBXFileReference; lastKnownFileType = sourcecode.swift; path = OnboardingWindowController.swift; sourceTree = "<group>"; };
		200000000000000000000006 /* PermissionsManager.swift */ = {isa = PBXFileReference; lastKnownFileType = sourcecode.swift; path = PermissionsManager.swift; sourceTree = "<group>"; };
		200000000000000000000008 /* Settings.swift */ = {isa = PBXFileReference; lastKnownFileType = sourcecode.swift; path = Settings.swift; sourceTree = "<group>"; };
		20000000000000000000000B /* ClipboardStripFeature.swift */ = {isa = PBXFileReference; lastKnownFileType = sourcecode.swift; path = ClipboardStripFeature.swift; sourceTree = "<group>"; };
		200000000000000000000010 /* DroppyTests.swift */ = {isa = PBXFileReference; lastKnownFileType = sourcecode.swift; path = DroppyTests.swift; sourceTree = "<group>"; };
		200000000000000000000011 /* Info.plist */ = {isa = PBXFileReference; lastKnownFileType = text.plist.xml; path = Info.plist; sourceTree = "<group>"; };
		200000000000000000000012 /* Droppy.app */ = {isa = PBXFileReference; explicitFileType = wrapper.application; includeInIndex = 0; path = Droppy.app; sourceTree = BUILT_PRODUCTS_DIR; };
		200000000000000000000013 /* DroppyTests.xctest */ = {isa = PBXFileReference; explicitFileType = wrapper.cfbundle; includeInIndex = 0; path = DroppyTests.xctest; sourceTree = BUILT_PRODUCTS_DIR; };
		200000000000000000000014 /* StatusItemController.swift */ = {isa = PBXFileReference; lastKnownFileType = sourcecode.swift; path = StatusItemController.swift; sourceTree = "<group>"; };
		200000000000000000000015 /* OverlayPanelController.swift */ = {isa = PBXFileReference; lastKnownFileType = sourcecode.swift; path = OverlayPanelController.swift; sourceTree = "<group>"; };
		200000000000000000000016 /* OverlayRootView.swift */ = {isa = PBXFileReference; lastKnownFileType = sourcecode.swift; path = OverlayRootView.swift; sourceTree = "<group>"; };
		200000000000000000000017 /* PanelGeometry.swift */ = {isa = PBXFileReference; lastKnownFileType = sourcecode.swift; path = PanelGeometry.swift; sourceTree = "<group>"; };
		200000000000000000000018 /* DropZoneGeometry.swift */ = {isa = PBXFileReference; lastKnownFileType = sourcecode.swift; path = DropZoneGeometry.swift; sourceTree = "<group>"; };
		200000000000000000000019 /* ShelfFeature.swift */ = {isa = PBXFileReference; lastKnownFileType = sourcecode.swift; path = ShelfFeature.swift; sourceTree = "<group>"; };
		20000000000000000000001A /* DropZoneCoordinator.swift */ = {isa = PBXFileReference; lastKnownFileType = sourcecode.swift; path = DropZoneCoordinator.swift; sourceTree = "<group>"; };
		20000000000000000000001B /* ClipboardModels.swift */ = {isa = PBXFileReference; lastKnownFileType = sourcecode.swift; path = ClipboardModels.swift; sourceTree = "<group>"; };
		20000000000000000000001C /* ClipboardSecurity.swift */ = {isa = PBXFileReference; lastKnownFileType = sourcecode.swift; path = ClipboardSecurity.swift; sourceTree = "<group>"; };
		20000000000000000000001D /* ClipboardRepository.swift */ = {isa = PBXFileReference; lastKnownFileType = sourcecode.swift; path = ClipboardRepository.swift; sourceTree = "<group>"; };
		20000000000000000000001E /* ClipboardCapture.swift */ = {isa = PBXFileReference; lastKnownFileType = sourcecode.swift; path = ClipboardCapture.swift; sourceTree = "<group>"; };
		20000000000000000000001F /* ScreenshotMonitor.swift */ = {isa = PBXFileReference; lastKnownFileType = sourcecode.swift; path = ScreenshotMonitor.swift; sourceTree = "<group>"; };
		200000000000000000000020 /* ClipboardOCRService.swift */ = {isa = PBXFileReference; lastKnownFileType = sourcecode.swift; path = ClipboardOCRService.swift; sourceTree = "<group>"; };
		200000000000000000000021 /* ClipboardView.swift */ = {isa = PBXFileReference; lastKnownFileType = sourcecode.swift; path = ClipboardView.swift; sourceTree = "<group>"; };
		200000000000000000000022 /* ScreenshotNotificationCoordinator.swift */ = {isa = PBXFileReference; lastKnownFileType = sourcecode.swift; path = ScreenshotNotificationCoordinator.swift; sourceTree = "<group>"; };
		200000000000000000000023 /* SnippetModels.swift */ = {isa = PBXFileReference; lastKnownFileType = sourcecode.swift; path = SnippetModels.swift; sourceTree = "<group>"; };
		200000000000000000000024 /* SnippetEditor.swift */ = {isa = PBXFileReference; lastKnownFileType = sourcecode.swift; path = SnippetEditor.swift; sourceTree = "<group>"; };
		200000000000000000000025 /* SnippetCaptureCoordinator.swift */ = {isa = PBXFileReference; lastKnownFileType = sourcecode.swift; path = SnippetCaptureCoordinator.swift; sourceTree = "<group>"; };
		200000000000000000000026 /* FileFinderFeature.swift */ = {isa = PBXFileReference; lastKnownFileType = sourcecode.swift; path = FileFinderFeature.swift; sourceTree = "<group>"; };
		200000000000000000000027 /* NotesFeature.swift */ = {isa = PBXFileReference; lastKnownFileType = sourcecode.swift; path = NotesFeature.swift; sourceTree = "<group>"; };
		200000000000000000000028 /* TerminalFeature.swift */ = {isa = PBXFileReference; lastKnownFileType = sourcecode.swift; path = TerminalFeature.swift; sourceTree = "<group>"; };
		200000000000000000000029 /* UnifiedSearchFeature.swift */ = {isa = PBXFileReference; lastKnownFileType = sourcecode.swift; path = UnifiedSearchFeature.swift; sourceTree = "<group>"; };
		20000000000000000000002A /* MediaFeature.swift */ = {isa = PBXFileReference; lastKnownFileType = sourcecode.swift; path = MediaFeature.swift; sourceTree = "<group>"; };
		20000000000000000000002B /* MediaView.swift */ = {isa = PBXFileReference; lastKnownFileType = sourcecode.swift; path = MediaView.swift; sourceTree = "<group>"; };
		20000000000000000000002C /* CodexModels.swift */ = {isa = PBXFileReference; lastKnownFileType = sourcecode.swift; path = CodexModels.swift; sourceTree = "<group>"; };
		20000000000000000000002D /* CodexAppServerClient.swift */ = {isa = PBXFileReference; lastKnownFileType = sourcecode.swift; path = CodexAppServerClient.swift; sourceTree = "<group>"; };
		20000000000000000000002E /* CodexFeature.swift */ = {isa = PBXFileReference; lastKnownFileType = sourcecode.swift; path = CodexFeature.swift; sourceTree = "<group>"; };
		20000000000000000000002F /* CodexView.swift */ = {isa = PBXFileReference; lastKnownFileType = sourcecode.swift; path = CodexView.swift; sourceTree = "<group>"; };
		200000000000000000000030 /* NotionConnectorFeature.swift */ = {isa = PBXFileReference; lastKnownFileType = sourcecode.swift; path = NotionConnectorFeature.swift; sourceTree = "<group>"; };
		200000000000000000000031 /* CommandModeModels.swift */ = {isa = PBXFileReference; lastKnownFileType = sourcecode.swift; path = CommandModeModels.swift; sourceTree = "<group>"; };
		200000000000000000000032 /* CommandModeFeature.swift */ = {isa = PBXFileReference; lastKnownFileType = sourcecode.swift; path = CommandModeFeature.swift; sourceTree = "<group>"; };
		200000000000000000000033 /* CommandModeView.swift */ = {isa = PBXFileReference; lastKnownFileType = sourcecode.swift; path = CommandModeView.swift; sourceTree = "<group>"; };
		200000000000000000000034 /* CommandModePanelController.swift */ = {isa = PBXFileReference; lastKnownFileType = sourcecode.swift; path = CommandModePanelController.swift; sourceTree = "<group>"; };
		200000000000000000000035 /* GlobalHotKeyController.swift */ = {isa = PBXFileReference; lastKnownFileType = sourcecode.swift; path = GlobalHotKeyController.swift; sourceTree = "<group>"; };
		200000000000000000000036 /* CommandVoiceInput.swift */ = {isa = PBXFileReference; lastKnownFileType = sourcecode.swift; path = CommandVoiceInput.swift; sourceTree = "<group>"; };
		200000000000000000000037 /* ConversationalVoiceModels.swift */ = {isa = PBXFileReference; lastKnownFileType = sourcecode.swift; path = ConversationalVoiceModels.swift; sourceTree = "<group>"; };
		200000000000000000000038 /* CodexSpeechOutput.swift */ = {isa = PBXFileReference; lastKnownFileType = sourcecode.swift; path = CodexSpeechOutput.swift; sourceTree = "<group>"; };
		200000000000000000000039 /* ConversationalVoiceFeature.swift */ = {isa = PBXFileReference; lastKnownFileType = sourcecode.swift; path = ConversationalVoiceFeature.swift; sourceTree = "<group>"; };
		B20000000000000000000001 /* planner-owl.png */ = {isa = PBXFileReference; lastKnownFileType = image.png; path = "planner-owl.png"; sourceTree = "<group>"; };
		B20000000000000000000002 /* builder-a-beaver.png */ = {isa = PBXFileReference; lastKnownFileType = image.png; path = "builder-a-beaver.png"; sourceTree = "<group>"; };
		B20000000000000000000003 /* builder-b-fox.png */ = {isa = PBXFileReference; lastKnownFileType = image.png; path = "builder-b-fox.png"; sourceTree = "<group>"; };
		B20000000000000000000004 /* reviewer-cat.png */ = {isa = PBXFileReference; lastKnownFileType = image.png; path = "reviewer-cat.png"; sourceTree = "<group>"; };
		B20000000000000000000005 /* mission-control-core.png */ = {isa = PBXFileReference; lastKnownFileType = image.png; path = "mission-control-core.png"; sourceTree = "<group>"; };
/* End PBXFileReference section */

/* Begin PBXFrameworksBuildPhase section */
		600000000000000000000001 /* Frameworks */ = {
			isa = PBXFrameworksBuildPhase;
			buildActionMask = 2147483647;
			files = (
				100000000000000000000027 /* SwiftTerm in Frameworks */,
			);
			runOnlyForDeploymentPostprocessing = 0;
		};
		600000000000000000000002 /* Frameworks */ = {
			isa = PBXFrameworksBuildPhase;
			buildActionMask = 2147483647;
			files = (
			);
			runOnlyForDeploymentPostprocessing = 0;
		};
/* End PBXFrameworksBuildPhase section */

/* Begin PBXGroup section */
		700000000000000000000001 = {
			isa = PBXGroup;
			children = (
				0DFE01F7302EDBB5007B38E8 /* Droppy.entitlements */,
				700000000000000000000002 /* MissionControl */,
				700000000000000000000012 /* MissionControlTests */,
				700000000000000000000013 /* Products */,
			);
			sourceTree = "<group>";
		};
		700000000000000000000002 /* MissionControl */ = {
			isa = PBXGroup;
			children = (
				700000000000000000000003 /* App */,
				700000000000000000000004 /* Core */,
				700000000000000000000005 /* Features */,
				700000000000000000000010 /* Storage */,
				700000000000000000000011 /* Resources */,
			);
			path = MissionControl;
			sourceTree = "<group>";
		};
		700000000000000000000003 /* App */ = {
			isa = PBXGroup;
			children = (
				200000000000000000000001 /* DroppyApp.swift */,
				200000000000000000000002 /* AppDelegate.swift */,
				200000000000000000000015 /* OverlayPanelController.swift */,
				200000000000000000000016 /* OverlayRootView.swift */,
				200000000000000000000034 /* CommandModePanelController.swift */,
				200000000000000000000004 /* OnboardingWindowController.swift */,
			);
			path = App;
			sourceTree = "<group>";
		};
		700000000000000000000004 /* Core */ = {
			isa = PBXGroup;
			children = (
				200000000000000000000014 /* StatusItemController.swift */,
				200000000000000000000035 /* GlobalHotKeyController.swift */,
				200000000000000000000006 /* PermissionsManager.swift */,
				200000000000000000000017 /* PanelGeometry.swift */,
				200000000000000000000018 /* DropZoneGeometry.swift */,
			);
			path = Core;
			sourceTree = "<group>";
		};
		700000000000000000000005 /* Features */ = {
			isa = PBXGroup;
			children = (
				700000000000000000000008 /* ClipboardStrip */,
				700000000000000000000014 /* DropZone */,
				700000000000000000000015 /* Shelf */,
				700000000000000000000016 /* Snippet */,
				700000000000000000000017 /* Files */,
				700000000000000000000018 /* Notes */,
				700000000000000000000019 /* Terminal */,
				70000000000000000000001A /* Search */,
				70000000000000000000001B /* Media */,
				70000000000000000000001C /* Codex */,
				70000000000000000000001D /* Notion */,
				70000000000000000000001E /* CommandMode */,
			);
			path = Features;
			sourceTree = "<group>";
		};
		700000000000000000000008 /* ClipboardStrip */ = {
			isa = PBXGroup;
			children = (
				20000000000000000000000B /* ClipboardStripFeature.swift */,
				20000000000000000000001B /* ClipboardModels.swift */,
				20000000000000000000001C /* ClipboardSecurity.swift */,
				20000000000000000000001D /* ClipboardRepository.swift */,
				20000000000000000000001E /* ClipboardCapture.swift */,
				20000000000000000000001F /* ScreenshotMonitor.swift */,
				200000000000000000000020 /* ClipboardOCRService.swift */,
				200000000000000000000021 /* ClipboardView.swift */,
				200000000000000000000022 /* ScreenshotNotificationCoordinator.swift */,
			);
			path = ClipboardStrip;
			sourceTree = "<group>";
		};
		700000000000000000000010 /* Storage */ = {
			isa = PBXGroup;
			children = (
				200000000000000000000008 /* Settings.swift */,
			);
			path = Storage;
			sourceTree = "<group>";
		};
		700000000000000000000011 /* Resources */ = {
			isa = PBXGroup;
			children = (
				200000000000000000000011 /* Info.plist */,
				B70000000000000000000001 /* CodexPets */,
				B70000000000000000000002 /* CommandMode */,
			);
			path = Resources;
			sourceTree = "<group>";
		};
		700000000000000000000012 /* MissionControlTests */ = {
			isa = PBXGroup;
			children = (
				200000000000000000000010 /* DroppyTests.swift */,
			);
			path = MissionControlTests;
			sourceTree = "<group>";
		};
		700000000000000000000013 /* Products */ = {
			isa = PBXGroup;
			children = (
				200000000000000000000012 /* Droppy.app */,
				200000000000000000000013 /* DroppyTests.xctest */,
			);
			name = Products;
			sourceTree = "<group>";
		};
		700000000000000000000014 /* DropZone */ = {
			isa = PBXGroup;
			children = (
				20000000000000000000001A /* DropZoneCoordinator.swift */,
			);
			path = DropZone;
			sourceTree = "<group>";
		};
		700000000000000000000015 /* Shelf */ = {
			isa = PBXGroup;
			children = (
				200000000000000000000019 /* ShelfFeature.swift */,
			);
			path = Shelf;
			sourceTree = "<group>";
		};
		700000000000000000000016 /* Snippet */ = {
			isa = PBXGroup;
			children = (
				200000000000000000000023 /* SnippetModels.swift */,
				200000000000000000000024 /* SnippetEditor.swift */,
				200000000000000000000025 /* SnippetCaptureCoordinator.swift */,
			);
			path = Snippet;
			sourceTree = "<group>";
		};
		700000000000000000000017 /* Files */ = {
			isa = PBXGroup;
			children = (
				200000000000000000000026 /* FileFinderFeature.swift */,
			);
			path = Files;
			sourceTree = "<group>";
		};
		700000000000000000000018 /* Notes */ = {
			isa = PBXGroup;
			children = (
				200000000000000000000027 /* NotesFeature.swift */,
			);
			path = Notes;
			sourceTree = "<group>";
		};
		700000000000000000000019 /* Terminal */ = {
			isa = PBXGroup;
			children = (
				200000000000000000000028 /* TerminalFeature.swift */,
			);
			path = Terminal;
			sourceTree = "<group>";
		};
		70000000000000000000001A /* Search */ = {
			isa = PBXGroup;
			children = (
				200000000000000000000029 /* UnifiedSearchFeature.swift */,
			);
			path = Search;
			sourceTree = "<group>";
		};
		70000000000000000000001B /* Media */ = {
			isa = PBXGroup;
			children = (
				20000000000000000000002A /* MediaFeature.swift */,
				20000000000000000000002B /* MediaView.swift */,
			);
			path = Media;
			sourceTree = "<group>";
		};
		70000000000000000000001C /* Codex */ = {
			isa = PBXGroup;
			children = (
				20000000000000000000002C /* CodexModels.swift */,
				20000000000000000000002D /* CodexAppServerClient.swift */,
				20000000000000000000002E /* CodexFeature.swift */,
				20000000000000000000002F /* CodexView.swift */,
			);
			path = Codex;
			sourceTree = "<group>";
		};
		70000000000000000000001D /* Notion */ = {
			isa = PBXGroup;
			children = (
				200000000000000000000030 /* NotionConnectorFeature.swift */,
			);
			path = Notion;
			sourceTree = "<group>";
		};
		70000000000000000000001E /* CommandMode */ = {
			isa = PBXGroup;
			children = (
				200000000000000000000031 /* CommandModeModels.swift */,
				200000000000000000000032 /* CommandModeFeature.swift */,
				200000000000000000000033 /* CommandModeView.swift */,
				200000000000000000000036 /* CommandVoiceInput.swift */,
				200000000000000000000037 /* ConversationalVoiceModels.swift */,
				200000000000000000000038 /* CodexSpeechOutput.swift */,
				200000000000000000000039 /* ConversationalVoiceFeature.swift */,
			);
			path = CommandMode;
			sourceTree = "<group>";
		};
		B70000000000000000000001 /* CodexPets */ = {
			isa = PBXGroup;
			children = (
				B20000000000000000000001 /* planner-owl.png */,
				B20000000000000000000002 /* builder-a-beaver.png */,
				B20000000000000000000003 /* builder-b-fox.png */,
				B20000000000000000000004 /* reviewer-cat.png */,
			);
			path = CodexPets;
			sourceTree = "<group>";
		};
		B70000000000000000000002 /* CommandMode */ = {
			isa = PBXGroup;
			children = (
				B20000000000000000000005 /* mission-control-core.png */,
			);
			path = CommandMode;
			sourceTree = "<group>";
		};
/* End PBXGroup section */

/* Begin PBXNativeTarget section */
		500000000000000000000001 /* Droppy */ = {
			isa = PBXNativeTarget;
			buildConfigurationList = 900000000000000000000003 /* Build configuration list for PBXNativeTarget "Droppy" */;
			buildPhases = (
				800000000000000000000001 /* Sources */,
				600000000000000000000001 /* Frameworks */,
				B80000000000000000000001 /* Resources */,
			);
			buildRules = (
			);
			dependencies = (
			);
			name = Droppy;
			packageProductDependencies = (
				A000000000000000000000002 /* SwiftTerm */,
			);
			productName = Droppy;
			productReference = 200000000000000000000012 /* Droppy.app */;
			productType = "com.apple.product-type.application";
		};
		500000000000000000000002 /* DroppyTests */ = {
			isa = PBXNativeTarget;
			buildConfigurationList = 900000000000000000000006 /* Build configuration list for PBXNativeTarget "DroppyTests" */;
			buildPhases = (
				800000000000000000000002 /* Sources */,
				600000000000000000000002 /* Frameworks */,
			);
			buildRules = (
			);
			dependencies = (
				300000000000000000000002 /* PBXTargetDependency */,
			);
			name = DroppyTests;
			productName = DroppyTests;
			productReference = 200000000000000000000013 /* DroppyTests.xctest */;
			productType = "com.apple.product-type.bundle.unit-test";
		};
/* End PBXNativeTarget section */

/* Begin PBXProject section */
		400000000000000000000001 /* Project object */ = {
			isa = PBXProject;
			attributes = {
				BuildIndependentTargetsInParallel = 1;
				LastSwiftUpdateCheck = 1600;
				LastUpgradeCheck = 1600;
				TargetAttributes = {
					500000000000000000000001 = {
						CreatedOnToolsVersion = 16.0;
					};
					500000000000000000000002 = {
						CreatedOnToolsVersion = 16.0;
						TestTargetID = 500000000000000000000001;
					};
				};
			};
			buildConfigurationList = 900000000000000000000001 /* Build configuration list for PBXProject "MissionControl" */;
			compatibilityVersion = "Xcode 14.0";
			developmentRegion = en;
			hasScannedForEncodings = 0;
			knownRegions = (
				en,
				Base,
			);
			mainGroup = 700000000000000000000001;
			packageReferences = (
				A000000000000000000000001 /* XCRemoteSwiftPackageReference "SwiftTerm" */,
			);
			productRefGroup = 700000000000000000000013 /* Products */;
			projectDirPath = "";
			projectRoot = "";
			targets = (
				500000000000000000000001 /* Droppy */,
				500000000000000000000002 /* DroppyTests */,
			);
		};
/* End PBXProject section */

/* Begin PBXResourcesBuildPhase section */
		B80000000000000000000001 /* Resources */ = {
			isa = PBXResourcesBuildPhase;
			buildActionMask = 2147483647;
			files = (
				B10000000000000000000001 /* planner-owl.png in Resources */,
				B10000000000000000000002 /* builder-a-beaver.png in Resources */,
				B10000000000000000000003 /* builder-b-fox.png in Resources */,
				B10000000000000000000004 /* reviewer-cat.png in Resources */,
				B10000000000000000000005 /* mission-control-core.png in Resources */,
			);
			runOnlyForDeploymentPostprocessing = 0;
		};
/* End PBXResourcesBuildPhase section */

/* Begin PBXSourcesBuildPhase section */
		800000000000000000000001 /* Sources */ = {
			isa = PBXSourcesBuildPhase;
			buildActionMask = 2147483647;
			files = (
				100000000000000000000001 /* DroppyApp.swift in Sources */,
				100000000000000000000002 /* AppDelegate.swift in Sources */,
				100000000000000000000012 /* OverlayPanelController.swift in Sources */,
				100000000000000000000013 /* OverlayRootView.swift in Sources */,
				100000000000000000000004 /* OnboardingWindowController.swift in Sources */,
				100000000000000000000011 /* StatusItemController.swift in Sources */,
				100000000000000000000006 /* PermissionsManager.swift in Sources */,
				100000000000000000000014 /* PanelGeometry.swift in Sources */,
				100000000000000000000015 /* DropZoneGeometry.swift in Sources */,
				100000000000000000000008 /* Settings.swift in Sources */,
				10000000000000000000000B /* ClipboardStripFeature.swift in Sources */,
				100000000000000000000018 /* ClipboardModels.swift in Sources */,
				100000000000000000000019 /* ClipboardSecurity.swift in Sources */,
				10000000000000000000001A /* ClipboardRepository.swift in Sources */,
				10000000000000000000001B /* ClipboardCapture.swift in Sources */,
				10000000000000000000001C /* ScreenshotMonitor.swift in Sources */,
				10000000000000000000001D /* ClipboardOCRService.swift in Sources */,
				10000000000000000000001E /* ClipboardView.swift in Sources */,
				10000000000000000000001F /* ScreenshotNotificationCoordinator.swift in Sources */,
				100000000000000000000016 /* ShelfFeature.swift in Sources */,
				100000000000000000000017 /* DropZoneCoordinator.swift in Sources */,
				100000000000000000000020 /* SnippetModels.swift in Sources */,
				100000000000000000000021 /* SnippetEditor.swift in Sources */,
				100000000000000000000022 /* SnippetCaptureCoordinator.swift in Sources */,
				100000000000000000000023 /* FileFinderFeature.swift in Sources */,
				100000000000000000000024 /* NotesFeature.swift in Sources */,
				100000000000000000000025 /* TerminalFeature.swift in Sources */,
				100000000000000000000026 /* UnifiedSearchFeature.swift in Sources */,
				100000000000000000000028 /* MediaFeature.swift in Sources */,
				100000000000000000000029 /* MediaView.swift in Sources */,
				10000000000000000000002A /* CodexModels.swift in Sources */,
				10000000000000000000002B /* CodexAppServerClient.swift in Sources */,
				10000000000000000000002C /* CodexFeature.swift in Sources */,
				10000000000000000000002D /* CodexView.swift in Sources */,
				10000000000000000000002E /* NotionConnectorFeature.swift in Sources */,
				10000000000000000000002F /* CommandModeModels.swift in Sources */,
				100000000000000000000030 /* CommandModeFeature.swift in Sources */,
				100000000000000000000031 /* CommandModeView.swift in Sources */,
				100000000000000000000032 /* CommandModePanelController.swift in Sources */,
				100000000000000000000033 /* GlobalHotKeyController.swift in Sources */,
				100000000000000000000034 /* CommandVoiceInput.swift in Sources */,
				100000000000000000000035 /* ConversationalVoiceModels.swift in Sources */,
				100000000000000000000036 /* CodexSpeechOutput.swift in Sources */,
				100000000000000000000037 /* ConversationalVoiceFeature.swift in Sources */,
			);
			runOnlyForDeploymentPostprocessing = 0;
		};
		800000000000000000000002 /* Sources */ = {
			isa = PBXSourcesBuildPhase;
			buildActionMask = 2147483647;
			files = (
				100000000000000000000010 /* DroppyTests.swift in Sources */,
			);
			runOnlyForDeploymentPostprocessing = 0;
		};
/* End PBXSourcesBuildPhase section */

/* Begin PBXTargetDependency section */
		300000000000000000000002 /* PBXTargetDependency */ = {
			isa = PBXTargetDependency;
			target = 500000000000000000000001 /* Droppy */;
			targetProxy = 300000000000000000000001 /* PBXContainerItemProxy */;
		};
/* End PBXTargetDependency section */

/* Begin XCBuildConfiguration section */
		900000000000000000000002 /* Debug */ = {
			isa = XCBuildConfiguration;
			buildSettings = {
				ALWAYS_SEARCH_USER_PATHS = NO;
				CLANG_ANALYZER_NONNULL = YES;
				CLANG_ANALYZER_NUMBER_OBJECT_CONVERSION = YES_AGGRESSIVE;
				CLANG_CXX_LANGUAGE_STANDARD = "gnu++20";
				CLANG_ENABLE_MODULES = YES;
				CLANG_ENABLE_OBJC_ARC = YES;
				CLANG_ENABLE_OBJC_WEAK = YES;
				CLANG_WARN_BLOCK_CAPTURE_AUTORELEASING = YES;
				CLANG_WARN_BOOL_CONVERSION = YES;
				CLANG_WARN_COMMA = YES;
				CLANG_WARN_CONSTANT_CONVERSION = YES;
				CLANG_WARN_DEPRECATED_OBJC_IMPLEMENTATIONS = YES;
				CLANG_WARN_DIRECT_OBJC_ISA_USAGE = YES_ERROR;
				CLANG_WARN_DOCUMENTATION_COMMENTS = YES;
				CLANG_WARN_EMPTY_BODY = YES;
				CLANG_WARN_ENUM_CONVERSION = YES;
				CLANG_WARN_INFINITE_RECURSION = YES;
				CLANG_WARN_INT_CONVERSION = YES;
				CLANG_WARN_NON_LITERAL_NULL_CONVERSION = YES;
				CLANG_WARN_OBJC_IMPLICIT_RETAIN_SELF = YES;
				CLANG_WARN_OBJC_LITERAL_CONVERSION = YES;
				CLANG_WARN_OBJC_ROOT_CLASS = YES_ERROR;
				CLANG_WARN_QUOTED_INCLUDE_IN_FRAMEWORK_HEADER = YES;
				CLANG_WARN_RANGE_LOOP_ANALYSIS = YES;
				CLANG_WARN_STRICT_PROTOTYPES = YES;
				CLANG_WARN_SUSPICIOUS_MOVE = YES;
				CLANG_WARN_UNGUARDED_AVAILABILITY = YES_AGGRESSIVE;
				CLANG_WARN_UNREACHABLE_CODE = YES;
				CLANG_WARN__DUPLICATE_METHOD_MATCH = YES;
				COPY_PHASE_STRIP = NO;
				DEBUG_INFORMATION_FORMAT = dwarf;
				ENABLE_STRICT_OBJC_MSGSEND = YES;
				ENABLE_TESTABILITY = YES;
				ENABLE_USER_SCRIPT_SANDBOXING = YES;
				GCC_C_LANGUAGE_STANDARD = gnu17;
				GCC_DYNAMIC_NO_PIC = NO;
				GCC_NO_COMMON_BLOCKS = YES;
				GCC_OPTIMIZATION_LEVEL = 0;
				GCC_PREPROCESSOR_DEFINITIONS = (
					"DEBUG=1",
					"$(inherited)",
				);
				GCC_WARN_64_TO_32_BIT_CONVERSION = YES;
				GCC_WARN_ABOUT_RETURN_TYPE = YES_ERROR;
				GCC_WARN_UNDECLARED_SELECTOR = YES;
				GCC_WARN_UNINITIALIZED_AUTOS = YES_AGGRESSIVE;
				GCC_WARN_UNUSED_FUNCTION = YES;
				GCC_WARN_UNUSED_VARIABLE = YES;
				MACOSX_DEPLOYMENT_TARGET = 14.0;
				MTL_ENABLE_DEBUG_INFO = INCLUDE_SOURCE;
				MTL_FAST_MATH = YES;
				ONLY_ACTIVE_ARCH = YES;
				SDKROOT = macosx;
				SWIFT_ACTIVE_COMPILATION_CONDITIONS = DEBUG;
				SWIFT_OPTIMIZATION_LEVEL = "-Onone";
			};
			name = Debug;
		};
		900000000000000000000004 /* Debug */ = {
			isa = XCBuildConfiguration;
			buildSettings = {
				CODE_SIGN_ENTITLEMENTS = Droppy.entitlements;
				CODE_SIGN_STYLE = Automatic;
				COMBINE_HIDPI_IMAGES = YES;
				DEVELOPMENT_TEAM = BCWV7DNVVB;
				GENERATE_INFOPLIST_FILE = NO;
				INFOPLIST_FILE = MissionControl/Resources/Info.plist;
				LD_RUNPATH_SEARCH_PATHS = (
					"$(inherited)",
					"@executable_path/../Frameworks",
				);
				MACOSX_DEPLOYMENT_TARGET = 14.0;
				PRODUCT_BUNDLE_IDENTIFIER = com.ranveer.droppy;
				PRODUCT_MODULE_NAME = Droppy;
				PRODUCT_NAME = Droppy;
				SWIFT_EMIT_LOC_STRINGS = YES;
				SWIFT_VERSION = 5.0;
			};
			name = Debug;
		};
		900000000000000000000005 /* Release */ = {
			isa = XCBuildConfiguration;
			buildSettings = {
				CODE_SIGN_ENTITLEMENTS = Droppy.entitlements;
				CODE_SIGN_STYLE = Automatic;
				COMBINE_HIDPI_IMAGES = YES;
				DEVELOPMENT_TEAM = BCWV7DNVVB;
				GENERATE_INFOPLIST_FILE = NO;
				INFOPLIST_FILE = MissionControl/Resources/Info.plist;
				LD_RUNPATH_SEARCH_PATHS = (
					"$(inherited)",
					"@executable_path/../Frameworks",
				);
				MACOSX_DEPLOYMENT_TARGET = 14.0;
				PRODUCT_BUNDLE_IDENTIFIER = com.ranveer.droppy;
				PRODUCT_MODULE_NAME = Droppy;
				PRODUCT_NAME = Droppy;
				SWIFT_EMIT_LOC_STRINGS = YES;
				SWIFT_VERSION = 5.0;
			};
			name = Release;
		};
		900000000000000000000007 /* Debug */ = {
			isa = XCBuildConfiguration;
			buildSettings = {
				BUNDLE_LOADER = "$(TEST_HOST)";
				CODE_SIGN_STYLE = Automatic;
				GENERATE_INFOPLIST_FILE = YES;
				MACOSX_DEPLOYMENT_TARGET = 14.0;
				PRODUCT_BUNDLE_IDENTIFIER = com.ranveer.droppy.tests;
				PRODUCT_NAME = "$(TARGET_NAME)";
				SWIFT_VERSION = 5.0;
				TEST_HOST = "$(BUILT_PRODUCTS_DIR)/Droppy.app/Contents/MacOS/Droppy";
			};
			name = Debug;
		};
		900000000000000000000008 /* Release */ = {
			isa = XCBuildConfiguration;
			buildSettings = {
				BUNDLE_LOADER = "$(TEST_HOST)";
				CODE_SIGN_STYLE = Automatic;
				GENERATE_INFOPLIST_FILE = YES;
				MACOSX_DEPLOYMENT_TARGET = 14.0;
				PRODUCT_BUNDLE_IDENTIFIER = com.ranveer.droppy.tests;
				PRODUCT_NAME = "$(TARGET_NAME)";
				SWIFT_VERSION = 5.0;
				TEST_HOST = "$(BUILT_PRODUCTS_DIR)/Droppy.app/Contents/MacOS/Droppy";
			};
			name = Release;
		};
		900000000000000000000009 /* Release */ = {
			isa = XCBuildConfiguration;
			buildSettings = {
				ALWAYS_SEARCH_USER_PATHS = NO;
				CLANG_ANALYZER_NONNULL = YES;
				CLANG_ANALYZER_NUMBER_OBJECT_CONVERSION = YES_AGGRESSIVE;
				CLANG_CXX_LANGUAGE_STANDARD = "gnu++20";
				CLANG_ENABLE_MODULES = YES;
				CLANG_ENABLE_OBJC_ARC = YES;
				CLANG_ENABLE_OBJC_WEAK = YES;
				CLANG_WARN_BLOCK_CAPTURE_AUTORELEASING = YES;
				CLANG_WARN_BOOL_CONVERSION = YES;
				CLANG_WARN_COMMA = YES;
				CLANG_WARN_CONSTANT_CONVERSION = YES;
				CLANG_WARN_DEPRECATED_OBJC_IMPLEMENTATIONS = YES;
				CLANG_WARN_DIRECT_OBJC_ISA_USAGE = YES_ERROR;
				CLANG_WARN_DOCUMENTATION_COMMENTS = YES;
				CLANG_WARN_EMPTY_BODY = YES;
				CLANG_WARN_ENUM_CONVERSION = YES;
				CLANG_WARN_INFINITE_RECURSION = YES;
				CLANG_WARN_INT_CONVERSION = YES;
				CLANG_WARN_NON_LITERAL_NULL_CONVERSION = YES;
				CLANG_WARN_OBJC_IMPLICIT_RETAIN_SELF = YES;
				CLANG_WARN_OBJC_LITERAL_CONVERSION = YES;
				CLANG_WARN_OBJC_ROOT_CLASS = YES_ERROR;
				CLANG_WARN_QUOTED_INCLUDE_IN_FRAMEWORK_HEADER = YES;
				CLANG_WARN_RANGE_LOOP_ANALYSIS = YES;
				CLANG_WARN_STRICT_PROTOTYPES = YES;
				CLANG_WARN_SUSPICIOUS_MOVE = YES;
				CLANG_WARN_UNGUARDED_AVAILABILITY = YES_AGGRESSIVE;
				CLANG_WARN_UNREACHABLE_CODE = YES;
				CLANG_WARN__DUPLICATE_METHOD_MATCH = YES;
				COPY_PHASE_STRIP = NO;
				DEBUG_INFORMATION_FORMAT = "dwarf-with-dsym";
				ENABLE_NS_ASSERTIONS = NO;
				ENABLE_STRICT_OBJC_MSGSEND = YES;
				ENABLE_USER_SCRIPT_SANDBOXING = YES;
				GCC_C_LANGUAGE_STANDARD = gnu17;
				GCC_NO_COMMON_BLOCKS = YES;
				GCC_WARN_64_TO_32_BIT_CONVERSION = YES;
				GCC_WARN_ABOUT_RETURN_TYPE = YES_ERROR;
				GCC_WARN_UNDECLARED_SELECTOR = YES;
				GCC_WARN_UNINITIALIZED_AUTOS = YES_AGGRESSIVE;
				GCC_WARN_UNUSED_FUNCTION = YES;
				GCC_WARN_UNUSED_VARIABLE = YES;
				MACOSX_DEPLOYMENT_TARGET = 14.0;
				MTL_ENABLE_DEBUG_INFO = NO;
				MTL_FAST_MATH = YES;
				SDKROOT = macosx;
				SWIFT_COMPILATION_MODE = wholemodule;
				SWIFT_OPTIMIZATION_LEVEL = "-O";
			};
			name = Release;
		};
/* End XCBuildConfiguration section */

/* Begin XCConfigurationList section */
		900000000000000000000001 /* Build configuration list for PBXProject "MissionControl" */ = {
			isa = XCConfigurationList;
			buildConfigurations = (
				900000000000000000000002 /* Debug */,
				900000000000000000000009 /* Release */,
			);
			defaultConfigurationIsVisible = 0;
			defaultConfigurationName = Release;
		};
		900000000000000000000003 /* Build configuration list for PBXNativeTarget "Droppy" */ = {
			isa = XCConfigurationList;
			buildConfigurations = (
				900000000000000000000004 /* Debug */,
				900000000000000000000005 /* Release */,
			);
			defaultConfigurationIsVisible = 0;
			defaultConfigurationName = Release;
		};
		900000000000000000000006 /* Build configuration list for PBXNativeTarget "DroppyTests" */ = {
			isa = XCConfigurationList;
			buildConfigurations = (
				900000000000000000000007 /* Debug */,
				900000000000000000000008 /* Release */,
			);
			defaultConfigurationIsVisible = 0;
			defaultConfigurationName = Release;
		};
/* End XCConfigurationList section */

/* Begin XCRemoteSwiftPackageReference section */
		A000000000000000000000001 /* XCRemoteSwiftPackageReference "SwiftTerm" */ = {
			isa = XCRemoteSwiftPackageReference;
			repositoryURL = "https://github.com/migueldeicaza/SwiftTerm";
			requirement = {
				kind = exactVersion;
				version = 1.11.2;
			};
		};
/* End XCRemoteSwiftPackageReference section */

/* Begin XCSwiftPackageProductDependency section */
		A000000000000000000000002 /* SwiftTerm */ = {
			isa = XCSwiftPackageProductDependency;
			package = A000000000000000000000001 /* XCRemoteSwiftPackageReference "SwiftTerm" */;
			productName = SwiftTerm;
		};
/* End XCSwiftPackageProductDependency section */
	};
	rootObject = 400000000000000000000001 /* Project object */;
}
